
Microsoft Visual Studio Solution File, Format Version 12.00
# Visual Studio Version 16
VisualStudioVersion = 16.0.31105.61
MinimumVisualStudioVersion = 10.0.40219.1
Project("{FAE04EC0-301F-11D3-BF4B-00C04F79EFBC}") = "bookquery", "bookquery.csproj", "{625C6E62-15B5-41FA-8A76-7F3E8FA9AA49}"
EndProject
Global
	GlobalSection(SolutionConfigurationPlatforms) = preSolution
		Debug|ARM = Debug|ARM
		Debug|ARM64 = Debug|ARM64
		Debug|x64 = Debug|x64
		Debug|x86 = Debug|x86
		Release|ARM = Release|ARM
		Release|ARM64 = Release|ARM64
		Release|x64 = Release|x64
		Release|x86 = Release|x86
	EndGlobalSection
	GlobalSection(ProjectConfigurationPlatforms) = postSolution
		{625C6E62-15B5-41FA-8A76-7F3E8FA9AA49}.Debug|ARM.ActiveCfg = Debug|ARM
		{625C6E62-15B5-41FA-8A76-7F3E8FA9AA49}.Debug|ARM.Build.0 = Debug|ARM
		{625C6E62-15B5-41FA-8A76-7F3E8FA9AA49}.Debug|ARM.Deploy.0 = Debug|ARM
		{625C6E62-15B5-41FA-8A76-7F3E8FA9AA49}.Debug|ARM64.ActiveCfg = Debug|ARM64
		{625C6E62-15B5-41FA-8A76-7F3E8FA9AA49}.Debug|ARM64.Build.0 = Debug|ARM64
		{625C6E62-15B5-41FA-8A76-7F3E8FA9AA49}.Debug|ARM64.Deploy.0 = Debug|ARM64
		{625C6E62-15B5-41FA-8A76-7F3E8FA9AA49}.Debug|x64.ActiveCfg = Debug|x64
		{625C6E62-15B5-41FA-8A76-7F3E8FA9AA49}.Debug|x64.Build.0 = Debug|x64
		{625C6E62-15B5-41FA-8A76-7F3E8FA9AA49}.Debug|x64.Deploy.0 = Debug|x64
		{625C6E62-15B5-41FA-8A76-7F3E8FA9AA49}.Debug|x86.ActiveCfg = Debug|x86
		{625C6E62-15B5-41FA-8A76-7F3E8FA9AA49}.Debug|x86.Build.0 = Debug|x86
		{625C6E62-15B5-41FA-8A76-7F3E8FA9AA49}.Debug|x86.Deploy.0 = Debug|x86
		{625C6E62-15B5-41FA-8A76-7F3E8FA9AA49}.Release|ARM.ActiveCfg = Release|ARM
		{625C6E62-15B5-41FA-8A76-7F3E8FA9AA49}.Release|ARM.Build.0 = Release|ARM
		{625C6E62-15B5-41FA-8A76-7F3E8FA9AA49}.Release|ARM.Deploy.0 = Release|ARM
		{625C6E62-15B5-41FA-8A76-7F3E8FA9AA49}.Release|ARM64.ActiveCfg = Release|ARM64
		{625C6E62-15B5-41FA-8A76-7F3E8FA9AA49}.Release|ARM64.Build.0 = Release|ARM64
		{625C6E62-15B5-41FA-8A76-7F3E8FA9AA49}.Release|ARM64.Deploy.0 = Release|ARM64
		{625C6E62-15B5-41FA-8A76-7F3E8FA9AA49}.Release|x64.ActiveCfg = Release|x64
		{625C6E62-15B5-41FA-8A76-7F3E8FA9AA49}.Release|x64.Build.0 = Release|x64
		{625C6E62-15B5-41FA-8A76-7F3E8FA9AA49}.Release|x64.Deploy.0 = Release|x64
		{625C6E62-15B5-41FA-8A76-7F3E8FA9AA49}.Release|x86.ActiveCfg = Release|x86
		{625C6E62-15B5-41FA-8A76-7F3E8FA9AA49}.Release|x86.Build.0 = Release|x86
		{625C6E62-15B5-41FA-8A76-7F3E8FA9AA49}.Release|x86.Deploy.0 = Release|x86
	EndGlobalSection
	GlobalSection(SolutionProperties) = preSolution
		HideSolutionNode = FALSE
	EndGlobalSection
	GlobalSection(ExtensibilityGlobals) = postSolution
		SolutionGuid = {9C8F22E6-8564-4473-85E6-443245AF5D51}
	EndGlobalSection
EndGlobal
